
Microsoft Visual Studio Solution File, Format Version 12.00
# Visual Studio Version 17
VisualStudioVersion = 17.4.33110.190
MinimumVisualStudioVersion = 10.0.40219.1
Project("{FAE04EC0-301F-11D3-BF4B-00C04F79EFBC}") = "WebRTCBlazorClientDemo.Server", "Server\WebRTCBlazorClientDemo.Server.csproj", "{E12E9E75-E0BE-4033-814C-896396DFBED7}"
EndProject
Project("{FAE04EC0-301F-11D3-BF4B-00C04F79EFBC}") = "WebRTCBlazorClientDemo.Client", "Client\WebRTCBlazorClientDemo.Client.csproj", "{F0B2A018-B629-48B5-8C45-22EF1A92823F}"
EndProject
Project("{FAE04EC0-301F-11D3-BF4B-00C04F79EFBC}") = "WebRTCBlazorClientDemo.Shared", "Shared\WebRTCBlazorClientDemo.Shared.csproj", "{4E43D57D-D8B7-47BF-9B4A-3DE4DF0637CB}"
EndProject
Global
	GlobalSection(SolutionConfigurationPlatforms) = preSolution
		Debug|Any CPU = Debug|Any CPU
		Release|Any CPU = Release|Any CPU
	EndGlobalSection
	GlobalSection(ProjectConfigurationPlatforms) = postSolution
		{E12E9E75-E0BE-4033-814C-896396DFBED7}.Debug|Any CPU.ActiveCfg = Debug|Any CPU
		{E12E9E75-E0BE-4033-814C-896396DFBED7}.Debug|Any CPU.Build.0 = Debug|Any CPU
		{E12E9E75-E0BE-4033-814C-896396DFBED7}.Release|Any CPU.ActiveCfg = Release|Any CPU
		{E12E9E75-E0BE-4033-814C-896396DFBED7}.Release|Any CPU.Build.0 = Release|Any CPU
		{F0B2A018-B629-48B5-8C45-22EF1A92823F}.Debug|Any CPU.ActiveCfg = Debug|Any CPU
		{F0B2A018-B629-48B5-8C45-22EF1A92823F}.Debug|Any CPU.Build.0 = Debug|Any CPU
		{F0B2A018-B629-48B5-8C45-22EF1A92823F}.Release|Any CPU.ActiveCfg = Release|Any CPU
		{F0B2A018-B629-48B5-8C45-22EF1A92823F}.Release|Any CPU.Build.0 = Release|Any CPU
		{4E43D57D-D8B7-47BF-9B4A-3DE4DF0637CB}.Debug|Any CPU.ActiveCfg = Debug|Any CPU
		{4E43D57D-D8B7-47BF-9B4A-3DE4DF0637CB}.Debug|Any CPU.Build.0 = Debug|Any CPU
		{4E43D57D-D8B7-47BF-9B4A-3DE4DF0637CB}.Release|Any CPU.ActiveCfg = Release|Any CPU
		{4E43D57D-D8B7-47BF-9B4A-3DE4DF0637CB}.Release|Any CPU.Build.0 = Release|Any CPU
	EndGlobalSection
	GlobalSection(SolutionProperties) = preSolution
		HideSolutionNode = FALSE
	EndGlobalSection
	GlobalSection(ExtensibilityGlobals) = postSolution
		SolutionGuid = {F4A18ECC-389A-49FF-89B7-D7E20E9C86DA}
	EndGlobalSection
EndGlobal
