
Microsoft Visual Studio Solution File, Format Version 12.00
# Visual Studio Version 17
VisualStudioVersion = 17.4.33110.190
MinimumVisualStudioVersion = 10.0.40219.1
Project("{9A19103F-16F7-4668-BE54-9A1E7A4F7556}") = "WebRTCBlazorClientDemo.Server", "Server\WebRTCBlazorClientDemo.Server.csproj", "{E12E9E75-E0BE-4033-814C-896396DFBED7}"
EndProject
Project("{9A19103F-16F7-4668-BE54-9A1E7A4F7556}") = "WebRTCBlazorClientDemo.Client", "Client\WebRTCBlazorClientDemo.Client.csproj", "{F0B2A018-B629-48B5-8C45-22EF1A92823F}"
EndProject
Project("{9A19103F-16F7-4668-BE54-9A1E7A4F7556}") = "WebRTCBlazorClientDemo.Shared", "Shared\WebRTCBlazorClientDemo.Shared.csproj", "{4E43D57D-D8B7-47BF-9B4A-3DE4DF0637CB}"
EndProject
Project("{2150E333-8FDC-42A3-9474-1A3956D46DE8}") = "WebRTCme.Middleware", "WebRTCme.Middleware", "{F03BDCC1-6D90-4211-B2D3-FC825B19FECA}"
EndProject
Project("{2150E333-8FDC-42A3-9474-1A3956D46DE8}") = "WebRTCme", "WebRTCme", "{3263E3EB-036B-40D7-B4A4-84263E833343}"
EndProject
Project("{9A19103F-16F7-4668-BE54-9A1E7A4F7556}") = "WebRTCme.Middleware", "WebRTCme\WebRTCme.Middleware\WebRTCme.Middleware.csproj", "{5D2BF4FF-282A-4F68-8BE6-8B1547B4CC18}"
EndProject
Project("{9A19103F-16F7-4668-BE54-9A1E7A4F7556}") = "WebRTCme.Middleware.Blazor", "WebRTCme\WebRTCme.Middleware.Blazor\WebRTCme.Middleware.Blazor.csproj", "{21248272-2739-4CBD-9AED-3D21A0EE3D6F}"
EndProject
Project("{9A19103F-16F7-4668-BE54-9A1E7A4F7556}") = "WebRTCme.Api", "WebRTCme\WebRTCme.Api\WebRTCme.Api.csproj", "{1C539D83-3A78-41AC-A49A-68CA644CF444}"
EndProject
Project("{9A19103F-16F7-4668-BE54-9A1E7A4F7556}") = "WebRTCme", "WebRTCme\WebRTCme\WebRTCme.csproj", "{CB7E44B3-CF9D-410B-95A7-64393966C71B}"
EndProject
Project("{2150E333-8FDC-42A3-9474-1A3956D46DE8}") = "WebRTCme.Bindings", "WebRTCme.Bindings", "{940CFF02-C37A-4E6F-AA0E-AC929A243CC6}"
EndProject
Project("{9A19103F-16F7-4668-BE54-9A1E7A4F7556}") = "WebRTCme.Bindings.Blazor", "WebRTCme\WebRTCme.Bindings\WebRTCme.Bindings.Blazor\WebRTCme.Bindings.Blazor.csproj", "{DD29BB26-6A0E-4DA7-A7E8-194CDDBC378C}"
EndProject
Project("{2150E333-8FDC-42A3-9474-1A3956D46DE8}") = "WebRTCme.Connection", "WebRTCme.Connection", "{65F39FD3-38D1-4AE1-867A-C329085345C8}"
EndProject
Project("{2150E333-8FDC-42A3-9474-1A3956D46DE8}") = "MediaSoup", "MediaSoup", "{C94A70E9-D68A-48C0-A93B-3BEFB8F2219C}"
EndProject
Project("{2150E333-8FDC-42A3-9474-1A3956D46DE8}") = "Signaling", "Signaling", "{77C4C986-E9B2-466D-B034-A9804358B0E8}"
EndProject
Project("{9A19103F-16F7-4668-BE54-9A1E7A4F7556}") = "WebRTCme.Connection", "WebRTCme\WebRTCme.Connection\WebRTCme.Connection\WebRTCme.Connection.csproj", "{B4FACB68-1E29-4176-A426-7F0F3EE692DE}"
EndProject
Project("{9A19103F-16F7-4668-BE54-9A1E7A4F7556}") = "WebRTCme.Connection.MediaSoup", "WebRTCme\WebRTCme.Connection\MediaSoup\WebRTCme.Connection.MediaSoup\WebRTCme.Connection.MediaSoup.csproj", "{BE600CC0-756D-48F6-A130-DAF390C0986D}"
EndProject
Project("{9A19103F-16F7-4668-BE54-9A1E7A4F7556}") = "WebRTCme.Connection.MediaSoup.Proxy", "WebRTCme\WebRTCme.Connection\MediaSoup\WebRTCme.Connection.MediaSoup.Proxy\WebRTCme.Connection.MediaSoup.Proxy.csproj", "{80C13CD5-83F4-4730-AE86-44F81AACC2FB}"
EndProject
Project("{9A19103F-16F7-4668-BE54-9A1E7A4F7556}") = "WebRTCme.Connection.MediaSoup.Server", "WebRTCme\WebRTCme.Connection\MediaSoup\WebRTCme.Connection.MediaSoup.Server\WebRTCme.Connection.MediaSoup.Server.csproj", "{36C5BAC0-9F23-4942-BA96-E606B095A8B4}"
EndProject
Project("{9A19103F-16F7-4668-BE54-9A1E7A4F7556}") = "WebRTCme.Connection.Signaling", "WebRTCme\WebRTCme.Connection\Signaling\WebRTCme.Connection.Signaling\WebRTCme.Connection.Signaling.csproj", "{E6F94EB1-3678-4D1E-9458-AFEBCCE4A868}"
EndProject
Project("{9A19103F-16F7-4668-BE54-9A1E7A4F7556}") = "WebRTCme.Connection.Signaling.Proxy", "WebRTCme\WebRTCme.Connection\Signaling\WebRTCme.Connection.Signaling.Proxy\WebRTCme.Connection.Signaling.Proxy.csproj", "{D1276FD2-6AAB-4464-A624-495FA56A69FE}"
EndProject
Project("{9A19103F-16F7-4668-BE54-9A1E7A4F7556}") = "WebRTCme.Connection.Signaling.Server", "WebRTCme\WebRTCme.Connection\Signaling\WebRTCme.Connection.Signaling.Server\WebRTCme.Connection.Signaling.Server.csproj", "{DB2D2F3A-767F-492C-9FBD-53BB003C13CF}"
EndProject
Project("{2150E333-8FDC-42A3-9474-1A3956D46DE8}") = "WebRTCme.DemoApp", "WebRTCme.DemoApp", "{168AB7D0-354D-4CC1-9439-129B73258017}"
EndProject
Project("{2150E333-8FDC-42A3-9474-1A3956D46DE8}") = "Blazor", "Blazor", "{BD96CCE0-69C5-42AE-8CC4-84F8323009C3}"
EndProject
Project("{9A19103F-16F7-4668-BE54-9A1E7A4F7556}") = "WebRTCme.DemoApp.Blazor", "WebRTCme\WebRTCme.DemoApp\Blazor\WebRTCme.DemoApp.Blazor\WebRTCme.DemoApp.Blazor.csproj", "{7FBBCAC6-948F-4D3E-A4AA-07CE61BB05FC}"
EndProject
Project("{9A19103F-16F7-4668-BE54-9A1E7A4F7556}") = "WebRTCMe.DemoApp.Blazor.Wasm", "WebRTCme\WebRTCme.DemoApp\Blazor\WebRTCMe.DemoApp.Blazor.Wasm\WebRTCMe.DemoApp.Blazor.Wasm.csproj", "{B1DB81C9-70C8-4E66-9F28-E1C07587E7CC}"
EndProject
Project("{2150E333-8FDC-42A3-9474-1A3956D46DE8}") = "Xamarin", "Xamarin", "{6C2A5697-69ED-4672-B864-9A5571D9A242}"
EndProject
Project("{9A19103F-16F7-4668-BE54-9A1E7A4F7556}") = "WebRTCme.DemoApp.Maui", "WebRTCme\WebRTCme.DemoApp\WebRTCme.DemoApp.Maui\WebRTCme.DemoApp.Maui.csproj", "{406DF308-E2AA-45CA-9746-3FECFC182E2D}"
EndProject
Global
	GlobalSection(SolutionConfigurationPlatforms) = preSolution
		Debug|Any CPU = Debug|Any CPU
		Release|Any CPU = Release|Any CPU
	EndGlobalSection
	GlobalSection(ProjectConfigurationPlatforms) = postSolution
		{E12E9E75-E0BE-4033-814C-896396DFBED7}.Debug|Any CPU.ActiveCfg = Debug|Any CPU
		{E12E9E75-E0BE-4033-814C-896396DFBED7}.Debug|Any CPU.Build.0 = Debug|Any CPU
		{E12E9E75-E0BE-4033-814C-896396DFBED7}.Release|Any CPU.ActiveCfg = Release|Any CPU
		{E12E9E75-E0BE-4033-814C-896396DFBED7}.Release|Any CPU.Build.0 = Release|Any CPU
		{F0B2A018-B629-48B5-8C45-22EF1A92823F}.Debug|Any CPU.ActiveCfg = Debug|Any CPU
		{F0B2A018-B629-48B5-8C45-22EF1A92823F}.Debug|Any CPU.Build.0 = Debug|Any CPU
		{F0B2A018-B629-48B5-8C45-22EF1A92823F}.Release|Any CPU.ActiveCfg = Release|Any CPU
		{F0B2A018-B629-48B5-8C45-22EF1A92823F}.Release|Any CPU.Build.0 = Release|Any CPU
		{4E43D57D-D8B7-47BF-9B4A-3DE4DF0637CB}.Debug|Any CPU.ActiveCfg = Debug|Any CPU
		{4E43D57D-D8B7-47BF-9B4A-3DE4DF0637CB}.Debug|Any CPU.Build.0 = Debug|Any CPU
		{4E43D57D-D8B7-47BF-9B4A-3DE4DF0637CB}.Release|Any CPU.ActiveCfg = Release|Any CPU
		{4E43D57D-D8B7-47BF-9B4A-3DE4DF0637CB}.Release|Any CPU.Build.0 = Release|Any CPU
		{5D2BF4FF-282A-4F68-8BE6-8B1547B4CC18}.Debug|Any CPU.ActiveCfg = Debug|Any CPU
		{5D2BF4FF-282A-4F68-8BE6-8B1547B4CC18}.Debug|Any CPU.Build.0 = Debug|Any CPU
		{5D2BF4FF-282A-4F68-8BE6-8B1547B4CC18}.Release|Any CPU.ActiveCfg = Release|Any CPU
		{5D2BF4FF-282A-4F68-8BE6-8B1547B4CC18}.Release|Any CPU.Build.0 = Release|Any CPU
		{21248272-2739-4CBD-9AED-3D21A0EE3D6F}.Debug|Any CPU.ActiveCfg = Debug|Any CPU
		{21248272-2739-4CBD-9AED-3D21A0EE3D6F}.Debug|Any CPU.Build.0 = Debug|Any CPU
		{21248272-2739-4CBD-9AED-3D21A0EE3D6F}.Release|Any CPU.ActiveCfg = Release|Any CPU
		{21248272-2739-4CBD-9AED-3D21A0EE3D6F}.Release|Any CPU.Build.0 = Release|Any CPU
		{1C539D83-3A78-41AC-A49A-68CA644CF444}.Debug|Any CPU.ActiveCfg = Debug|Any CPU
		{1C539D83-3A78-41AC-A49A-68CA644CF444}.Debug|Any CPU.Build.0 = Debug|Any CPU
		{1C539D83-3A78-41AC-A49A-68CA644CF444}.Release|Any CPU.ActiveCfg = Release|Any CPU
		{1C539D83-3A78-41AC-A49A-68CA644CF444}.Release|Any CPU.Build.0 = Release|Any CPU
		{CB7E44B3-CF9D-410B-95A7-64393966C71B}.Debug|Any CPU.ActiveCfg = Debug|Any CPU
		{CB7E44B3-CF9D-410B-95A7-64393966C71B}.Debug|Any CPU.Build.0 = Debug|Any CPU
		{CB7E44B3-CF9D-410B-95A7-64393966C71B}.Release|Any CPU.ActiveCfg = Release|Any CPU
		{CB7E44B3-CF9D-410B-95A7-64393966C71B}.Release|Any CPU.Build.0 = Release|Any CPU
		{DD29BB26-6A0E-4DA7-A7E8-194CDDBC378C}.Debug|Any CPU.ActiveCfg = Debug|Any CPU
		{DD29BB26-6A0E-4DA7-A7E8-194CDDBC378C}.Debug|Any CPU.Build.0 = Debug|Any CPU
		{DD29BB26-6A0E-4DA7-A7E8-194CDDBC378C}.Release|Any CPU.ActiveCfg = Release|Any CPU
		{DD29BB26-6A0E-4DA7-A7E8-194CDDBC378C}.Release|Any CPU.Build.0 = Release|Any CPU
		{B4FACB68-1E29-4176-A426-7F0F3EE692DE}.Debug|Any CPU.ActiveCfg = Debug|Any CPU
		{B4FACB68-1E29-4176-A426-7F0F3EE692DE}.Debug|Any CPU.Build.0 = Debug|Any CPU
		{B4FACB68-1E29-4176-A426-7F0F3EE692DE}.Release|Any CPU.ActiveCfg = Release|Any CPU
		{B4FACB68-1E29-4176-A426-7F0F3EE692DE}.Release|Any CPU.Build.0 = Release|Any CPU
		{BE600CC0-756D-48F6-A130-DAF390C0986D}.Debug|Any CPU.ActiveCfg = Debug|Any CPU
		{BE600CC0-756D-48F6-A130-DAF390C0986D}.Debug|Any CPU.Build.0 = Debug|Any CPU
		{BE600CC0-756D-48F6-A130-DAF390C0986D}.Release|Any CPU.ActiveCfg = Release|Any CPU
		{BE600CC0-756D-48F6-A130-DAF390C0986D}.Release|Any CPU.Build.0 = Release|Any CPU
		{80C13CD5-83F4-4730-AE86-44F81AACC2FB}.Debug|Any CPU.ActiveCfg = Debug|Any CPU
		{80C13CD5-83F4-4730-AE86-44F81AACC2FB}.Debug|Any CPU.Build.0 = Debug|Any CPU
		{80C13CD5-83F4-4730-AE86-44F81AACC2FB}.Release|Any CPU.ActiveCfg = Release|Any CPU
		{80C13CD5-83F4-4730-AE86-44F81AACC2FB}.Release|Any CPU.Build.0 = Release|Any CPU
		{36C5BAC0-9F23-4942-BA96-E606B095A8B4}.Debug|Any CPU.ActiveCfg = Debug|Any CPU
		{36C5BAC0-9F23-4942-BA96-E606B095A8B4}.Debug|Any CPU.Build.0 = Debug|Any CPU
		{36C5BAC0-9F23-4942-BA96-E606B095A8B4}.Release|Any CPU.ActiveCfg = Release|Any CPU
		{36C5BAC0-9F23-4942-BA96-E606B095A8B4}.Release|Any CPU.Build.0 = Release|Any CPU
		{E6F94EB1-3678-4D1E-9458-AFEBCCE4A868}.Debug|Any CPU.ActiveCfg = Debug|Any CPU
		{E6F94EB1-3678-4D1E-9458-AFEBCCE4A868}.Debug|Any CPU.Build.0 = Debug|Any CPU
		{E6F94EB1-3678-4D1E-9458-AFEBCCE4A868}.Release|Any CPU.ActiveCfg = Release|Any CPU
		{E6F94EB1-3678-4D1E-9458-AFEBCCE4A868}.Release|Any CPU.Build.0 = Release|Any CPU
		{D1276FD2-6AAB-4464-A624-495FA56A69FE}.Debug|Any CPU.ActiveCfg = Debug|Any CPU
		{D1276FD2-6AAB-4464-A624-495FA56A69FE}.Debug|Any CPU.Build.0 = Debug|Any CPU
		{D1276FD2-6AAB-4464-A624-495FA56A69FE}.Release|Any CPU.ActiveCfg = Release|Any CPU
		{D1276FD2-6AAB-4464-A624-495FA56A69FE}.Release|Any CPU.Build.0 = Release|Any CPU
		{DB2D2F3A-767F-492C-9FBD-53BB003C13CF}.Debug|Any CPU.ActiveCfg = Debug|Any CPU
		{DB2D2F3A-767F-492C-9FBD-53BB003C13CF}.Debug|Any CPU.Build.0 = Debug|Any CPU
		{DB2D2F3A-767F-492C-9FBD-53BB003C13CF}.Release|Any CPU.ActiveCfg = Release|Any CPU
		{DB2D2F3A-767F-492C-9FBD-53BB003C13CF}.Release|Any CPU.Build.0 = Release|Any CPU
		{7FBBCAC6-948F-4D3E-A4AA-07CE61BB05FC}.Debug|Any CPU.ActiveCfg = Debug|Any CPU
		{7FBBCAC6-948F-4D3E-A4AA-07CE61BB05FC}.Debug|Any CPU.Build.0 = Debug|Any CPU
		{7FBBCAC6-948F-4D3E-A4AA-07CE61BB05FC}.Release|Any CPU.ActiveCfg = Release|Any CPU
		{7FBBCAC6-948F-4D3E-A4AA-07CE61BB05FC}.Release|Any CPU.Build.0 = Release|Any CPU
		{B1DB81C9-70C8-4E66-9F28-E1C07587E7CC}.Debug|Any CPU.ActiveCfg = Debug|Any CPU
		{B1DB81C9-70C8-4E66-9F28-E1C07587E7CC}.Debug|Any CPU.Build.0 = Debug|Any CPU
		{B1DB81C9-70C8-4E66-9F28-E1C07587E7CC}.Release|Any CPU.ActiveCfg = Release|Any CPU
		{B1DB81C9-70C8-4E66-9F28-E1C07587E7CC}.Release|Any CPU.Build.0 = Release|Any CPU
		{406DF308-E2AA-45CA-9746-3FECFC182E2D}.Debug|Any CPU.ActiveCfg = Debug|Any CPU
		{406DF308-E2AA-45CA-9746-3FECFC182E2D}.Debug|Any CPU.Build.0 = Debug|Any CPU
		{406DF308-E2AA-45CA-9746-3FECFC182E2D}.Debug|Any CPU.Deploy.0 = Debug|Any CPU
		{406DF308-E2AA-45CA-9746-3FECFC182E2D}.Release|Any CPU.ActiveCfg = Release|Any CPU
		{406DF308-E2AA-45CA-9746-3FECFC182E2D}.Release|Any CPU.Build.0 = Release|Any CPU
		{406DF308-E2AA-45CA-9746-3FECFC182E2D}.Release|Any CPU.Deploy.0 = Release|Any CPU
	EndGlobalSection
	GlobalSection(SolutionProperties) = preSolution
		HideSolutionNode = FALSE
	EndGlobalSection
	GlobalSection(NestedProjects) = preSolution
		{F03BDCC1-6D90-4211-B2D3-FC825B19FECA} = {3263E3EB-036B-40D7-B4A4-84263E833343}
		{5D2BF4FF-282A-4F68-8BE6-8B1547B4CC18} = {F03BDCC1-6D90-4211-B2D3-FC825B19FECA}
		{21248272-2739-4CBD-9AED-3D21A0EE3D6F} = {F03BDCC1-6D90-4211-B2D3-FC825B19FECA}
		{1C539D83-3A78-41AC-A49A-68CA644CF444} = {3263E3EB-036B-40D7-B4A4-84263E833343}
		{CB7E44B3-CF9D-410B-95A7-64393966C71B} = {3263E3EB-036B-40D7-B4A4-84263E833343}
		{940CFF02-C37A-4E6F-AA0E-AC929A243CC6} = {3263E3EB-036B-40D7-B4A4-84263E833343}
		{DD29BB26-6A0E-4DA7-A7E8-194CDDBC378C} = {940CFF02-C37A-4E6F-AA0E-AC929A243CC6}
		{65F39FD3-38D1-4AE1-867A-C329085345C8} = {3263E3EB-036B-40D7-B4A4-84263E833343}
		{C94A70E9-D68A-48C0-A93B-3BEFB8F2219C} = {65F39FD3-38D1-4AE1-867A-C329085345C8}
		{77C4C986-E9B2-466D-B034-A9804358B0E8} = {65F39FD3-38D1-4AE1-867A-C329085345C8}
		{B4FACB68-1E29-4176-A426-7F0F3EE692DE} = {65F39FD3-38D1-4AE1-867A-C329085345C8}
		{BE600CC0-756D-48F6-A130-DAF390C0986D} = {C94A70E9-D68A-48C0-A93B-3BEFB8F2219C}
		{80C13CD5-83F4-4730-AE86-44F81AACC2FB} = {C94A70E9-D68A-48C0-A93B-3BEFB8F2219C}
		{36C5BAC0-9F23-4942-BA96-E606B095A8B4} = {C94A70E9-D68A-48C0-A93B-3BEFB8F2219C}
		{E6F94EB1-3678-4D1E-9458-AFEBCCE4A868} = {77C4C986-E9B2-466D-B034-A9804358B0E8}
		{D1276FD2-6AAB-4464-A624-495FA56A69FE} = {77C4C986-E9B2-466D-B034-A9804358B0E8}
		{DB2D2F3A-767F-492C-9FBD-53BB003C13CF} = {77C4C986-E9B2-466D-B034-A9804358B0E8}
		{168AB7D0-354D-4CC1-9439-129B73258017} = {3263E3EB-036B-40D7-B4A4-84263E833343}
		{BD96CCE0-69C5-42AE-8CC4-84F8323009C3} = {168AB7D0-354D-4CC1-9439-129B73258017}
		{7FBBCAC6-948F-4D3E-A4AA-07CE61BB05FC} = {BD96CCE0-69C5-42AE-8CC4-84F8323009C3}
		{B1DB81C9-70C8-4E66-9F28-E1C07587E7CC} = {BD96CCE0-69C5-42AE-8CC4-84F8323009C3}
		{6C2A5697-69ED-4672-B864-9A5571D9A242} = {168AB7D0-354D-4CC1-9439-129B73258017}
		{406DF308-E2AA-45CA-9746-3FECFC182E2D} = {168AB7D0-354D-4CC1-9439-129B73258017}
	EndGlobalSection
	GlobalSection(ExtensibilityGlobals) = postSolution
		SolutionGuid = {F4A18ECC-389A-49FF-89B7-D7E20E9C86DA}
	EndGlobalSection
EndGlobal
